
Microsoft Visual Studio Solution File, Format Version 12.00
# Visual Studio Version 17
VisualStudioVersion = 17.14.36301.6
MinimumVisualStudioVersion = 10.0.40219.1
Project("{FAE04EC0-301F-11D3-BF4B-00C04F79EFBC}") = "WalletWise", "WalletWise\WalletWise.csproj", "{584901DF-DD91-4735-A42F-3BCF5627ED47}"
EndProject
Project("{FAE04EC0-301F-11D3-BF4B-00C04F79EFBC}") = "WalletWise.Persistence", "WalletWise.Persistence\WalletWise.Persistence.csproj", "{03DB069F-9371-41C1-A7C5-E6B5B82251BF}"
EndProject
Project("{2150E333-8FDC-42A3-9474-1A3956D46DE8}") = "Solution Items", "Solution Items", "{02EA681E-C7D8-13C7-8484-4AC65E1B71E8}"
	ProjectSection(SolutionItems) = preProject
		.editorconfig = .editorconfig
	EndProjectSection
EndProject
Project("{FAE04EC0-301F-11D3-BF4B-00C04F79EFBC}") = "WalletWise.Tests", "WalletWise.Tests\WalletWise.Tests.csproj", "{2FEA0F43-84EE-4E17-9C20-A53C83EFA815}"
EndProject
Global
	GlobalSection(SolutionConfigurationPlatforms) = preSolution
		Debug|Any CPU = Debug|Any CPU
		Release|Any CPU = Release|Any CPU
	EndGlobalSection
	GlobalSection(ProjectConfigurationPlatforms) = postSolution
		{584901DF-DD91-4735-A42F-3BCF5627ED47}.Debug|Any CPU.ActiveCfg = Debug|Any CPU
		{584901DF-DD91-4735-A42F-3BCF5627ED47}.Debug|Any CPU.Build.0 = Debug|Any CPU
		{584901DF-DD91-4735-A42F-3BCF5627ED47}.Debug|Any CPU.Deploy.0 = Debug|Any CPU
		{584901DF-DD91-4735-A42F-3BCF5627ED47}.Release|Any CPU.ActiveCfg = Release|Any CPU
		{584901DF-DD91-4735-A42F-3BCF5627ED47}.Release|Any CPU.Build.0 = Release|Any CPU
		{584901DF-DD91-4735-A42F-3BCF5627ED47}.Release|Any CPU.Deploy.0 = Release|Any CPU
		{03DB069F-9371-41C1-A7C5-E6B5B82251BF}.Debug|Any CPU.ActiveCfg = Debug|Any CPU
		{03DB069F-9371-41C1-A7C5-E6B5B82251BF}.Debug|Any CPU.Build.0 = Debug|Any CPU
		{03DB069F-9371-41C1-A7C5-E6B5B82251BF}.Release|Any CPU.ActiveCfg = Release|Any CPU
		{03DB069F-9371-41C1-A7C5-E6B5B82251BF}.Release|Any CPU.Build.0 = Release|Any CPU
		{2FEA0F43-84EE-4E17-9C20-A53C83EFA815}.Debug|Any CPU.ActiveCfg = Debug|Any CPU
		{2FEA0F43-84EE-4E17-9C20-A53C83EFA815}.Debug|Any CPU.Build.0 = Debug|Any CPU
		{2FEA0F43-84EE-4E17-9C20-A53C83EFA815}.Release|Any CPU.ActiveCfg = Release|Any CPU
		{2FEA0F43-84EE-4E17-9C20-A53C83EFA815}.Release|Any CPU.Build.0 = Release|Any CPU
	EndGlobalSection
	GlobalSection(SolutionProperties) = preSolution
		HideSolutionNode = FALSE
	EndGlobalSection
	GlobalSection(ExtensibilityGlobals) = postSolution
		SolutionGuid = {0B7BC9C7-CDF4-4061-958B-013D89E79563}
	EndGlobalSection
EndGlobal
